<Solution>
  <Configurations>
    <Platform Name="Any CPU" />
  </Configurations>
  <Project Path="code/tech-lab.csproj" />
  <Project Path="Editor/tech-lab.editor.csproj" />
  <Folder Name="/Addons/">
    <Project Path="../../../../../Program Files (x86)/Steam/steamapps/common/sbox/addons/base/code/Base Library.csproj" />
  </Folder>
  <Folder Name="/Libraries/">
    <Project Path="Libraries/backdoor.playersit/Code/playersit.csproj" />
    <Project Path="Libraries/facepunch.libevents/Code/libevents.csproj" />
    <Project Path="Libraries/facepunch.libevents/UnitTests/libevents.unittest.csproj" />
  </Folder>
  <Folder Name="/Tools/">
    <Project Path="../../../../../Program Files (x86)/Steam/steamapps/common/sbox/addons/tools/code/Base Editor Library.csproj" />
    <Project Path="../../../../../Program Files (x86)/Steam/steamapps/common/sbox/editor/ActionGraph/Code/actiongraph.csproj" />
    <Project Path="../../../../../Program Files (x86)/Steam/steamapps/common/sbox/editor/DooEditor/Code/dooeditor.csproj" />
    <Project Path="../../../../../Program Files (x86)/Steam/steamapps/common/sbox/editor/Hammer/Code/hammer.csproj" />
    <Project Path="../../../../../Program Files (x86)/Steam/steamapps/common/sbox/editor/MovieMaker/Code/moviemaker.csproj" />
    <Project Path="../../../../../Program Files (x86)/Steam/steamapps/common/sbox/editor/ShaderGraph/Code/shadergraph.csproj" />
  </Folder>
</Solution>